
Microsoft Visual Studio Solution File, Format Version 12.00
# Visual Studio Version 16
VisualStudioVersion = 16.0.31624.102
MinimumVisualStudioVersion = 10.0.40219.1
Project("{FAE04EC0-301F-11D3-BF4B-00C04F79EFBC}") = "KitapEvi", "KitapEvi\KitapEvi.csproj", "{AB27A6A4-80AA-4E08-900E-BCB01CBF0EF4}"
EndProject
Project("{FAE04EC0-301F-11D3-BF4B-00C04F79EFBC}") = "KitapEvi_DataAcces", "KitapEvi_DataAcces\KitapEvi_DataAcces.csproj", "{9BE6822F-9635-43A5-8546-046723F44C32}"
EndProject
Project("{FAE04EC0-301F-11D3-BF4B-00C04F79EFBC}") = "KitapEvi_Models", "KitapEvi_Models\KitapEvi_Models.csproj", "{E1FBA170-9CCD-4E31-B7F6-CA69047B493A}"
EndProject
Global
	GlobalSection(SolutionConfigurationPlatforms) = preSolution
		Debug|Any CPU = Debug|Any CPU
		Release|Any CPU = Release|Any CPU
	EndGlobalSection
	GlobalSection(ProjectConfigurationPlatforms) = postSolution
		{AB27A6A4-80AA-4E08-900E-BCB01CBF0EF4}.Debug|Any CPU.ActiveCfg = Debug|Any CPU
		{AB27A6A4-80AA-4E08-900E-BCB01CBF0EF4}.Debug|Any CPU.Build.0 = Debug|Any CPU
		{AB27A6A4-80AA-4E08-900E-BCB01CBF0EF4}.Release|Any CPU.ActiveCfg = Release|Any CPU
		{AB27A6A4-80AA-4E08-900E-BCB01CBF0EF4}.Release|Any CPU.Build.0 = Release|Any CPU
		{9BE6822F-9635-43A5-8546-046723F44C32}.Debug|Any CPU.ActiveCfg = Debug|Any CPU
		{9BE6822F-9635-43A5-8546-046723F44C32}.Debug|Any CPU.Build.0 = Debug|Any CPU
		{9BE6822F-9635-43A5-8546-046723F44C32}.Release|Any CPU.ActiveCfg = Release|Any CPU
		{9BE6822F-9635-43A5-8546-046723F44C32}.Release|Any CPU.Build.0 = Release|Any CPU
		{E1FBA170-9CCD-4E31-B7F6-CA69047B493A}.Debug|Any CPU.ActiveCfg = Debug|Any CPU
		{E1FBA170-9CCD-4E31-B7F6-CA69047B493A}.Debug|Any CPU.Build.0 = Debug|Any CPU
		{E1FBA170-9CCD-4E31-B7F6-CA69047B493A}.Release|Any CPU.ActiveCfg = Release|Any CPU
		{E1FBA170-9CCD-4E31-B7F6-CA69047B493A}.Release|Any CPU.Build.0 = Release|Any CPU
	EndGlobalSection
	GlobalSection(SolutionProperties) = preSolution
		HideSolutionNode = FALSE
	EndGlobalSection
	GlobalSection(ExtensibilityGlobals) = postSolution
		SolutionGuid = {9CB36666-A6B4-4524-A0E9-75ACBAE3223B}
	EndGlobalSection
EndGlobal
